dependencies:
- name: redis
  repository: https://charts.bitnami.com/bitnami
  version: 18.19.4
- name: mysql
  repository: https://charts.bitnami.com/bitnami
  version: 10.1.0
digest: sha256:7f5dee29d809abc4212b274786bb062ab3c4ebe94efb8abd9b68d086272a8bc4
generated: "2024-03-19T11:21:06.358444223Z"
