dependencies:
- name: redis
  repository: https://charts.bitnami.com/bitnami
  version: 19.0.0
- name: mysql
  repository: https://charts.bitnami.com/bitnami
  version: 9.23.0
digest: sha256:63fec06db4507f02979272960aabe0326526c6a9f65259e86d8cf52de8b38af4
generated: "2024-03-19T14:35:59.854984759Z"
